
Microsoft Visual Studio Solution File, Format Version 12.00
# Visual Studio Version 16
VisualStudioVersion = 16.0.30907.101
MinimumVisualStudioVersion = 10.0.40219.1
Project("{FAE04EC0-301F-11D3-BF4B-00C04F79EFBC}") = "FilmsWebApp", "FilmsWebApp.csproj", "{C2E6B572-25B8-45C2-9DD5-FAFCAA9F6358}"
EndProject
Global
	GlobalSection(SolutionConfigurationPlatforms) = preSolution
		Debug|Any CPU = Debug|Any CPU
		Release|Any CPU = Release|Any CPU
	EndGlobalSection
	GlobalSection(ProjectConfigurationPlatforms) = postSolution
		{C2E6B572-25B8-45C2-9DD5-FAFCAA9F6358}.Debug|Any CPU.ActiveCfg = Debug|Any CPU
		{C2E6B572-25B8-45C2-9DD5-FAFCAA9F6358}.Debug|Any CPU.Build.0 = Debug|Any CPU
		{C2E6B572-25B8-45C2-9DD5-FAFCAA9F6358}.Release|Any CPU.ActiveCfg = Release|Any CPU
		{C2E6B572-25B8-45C2-9DD5-FAFCAA9F6358}.Release|Any CPU.Build.0 = Release|Any CPU
	EndGlobalSection
	GlobalSection(SolutionProperties) = preSolution
		HideSolutionNode = FALSE
	EndGlobalSection
	GlobalSection(ExtensibilityGlobals) = postSolution
		SolutionGuid = {BF239555-54F3-41A9-934F-EBE855A63B8E}
	EndGlobalSection
EndGlobal
